PODS:
  - AFNetworking (3.2.1):
    - AFNetworking/NSURLSession (= 3.2.1)
    - AFNetworking/Reachability (= 3.2.1)
    - AFNetworking/Security (= 3.2.1)
    - AFNetworking/Serialization (= 3.2.1)
    - AFNetworking/UIKit (= 3.2.1)
  - AFNetworking/NSURLSession (3.2.1):
    - AFNetworking/Reachability
    - AFNetworking/Security
    - AFNetworking/Serialization
  - AFNetworking/Reachability (3.2.1)
  - AFNetworking/Security (3.2.1)
  - AFNetworking/Serialization (3.2.1)
  - AFNetworking/UIKit (3.2.1):
    - AFNetworking/NSURLSession
  - BlocksKit (2.2.5):
    - BlocksKit/All (= 2.2.5)
  - BlocksKit/All (2.2.5):
    - BlocksKit/Core
    - BlocksKit/DynamicDelegate
    - BlocksKit/MessageUI
    - BlocksKit/UIKit
  - BlocksKit/Core (2.2.5)
  - BlocksKit/DynamicDelegate (2.2.5)
  - BlocksKit/MessageUI (2.2.5):
    - BlocksKit/Core
    - BlocksKit/DynamicDelegate
  - BlocksKit/UIKit (2.2.5):
    - BlocksKit/Core
    - BlocksKit/DynamicDelegate
  - DZNEmptyDataSet (1.8.1)
  - IQKeyboardManager (6.1.1)
  - Masonry (1.1.0)
  - MJExtension (3.0.15.1)
  - MJRefresh (3.1.15.6)
  - ReactiveObjC (3.1.0)
  - SVProgressHUD (2.2.5)
  - "UITableView+FDTemplateLayoutCell (1.6)"

DEPENDENCIES:
  - AFNetworking
  - BlocksKit
  - DZNEmptyDataSet
  - IQKeyboardManager
  - Masonry
  - MJExtension
  - MJRefresh
  - ReactiveObjC
  - SVProgressHUD
  - "UITableView+FDTemplateLayoutCell"

SPEC REPOS:
  https://github.com/cocoapods/specs.git:
    - AFNetworking
    - BlocksKit
    - DZNEmptyDataSet
    - IQKeyboardManager
    - Masonry
    - MJExtension
    - MJRefresh
    - ReactiveObjC
    - SVProgressHUD
    - "UITableView+FDTemplateLayoutCell"

SPEC CHECKSUMS:
  AFNetworking: b6f891fdfaed196b46c7a83cf209e09697b94057
  BlocksKit: 7f422b971407001178d181a43b99014ea2591fe6
  DZNEmptyDataSet: 9525833b9e68ac21c30253e1d3d7076cc828eaa7
  IQKeyboardManager: 79c57795f5c2408d259d37b9da2ed07efcbb5225
  Masonry: 678fab65091a9290e40e2832a55e7ab731aad201
  MJExtension: 19bc33ce2eee2d319760f5622562cf581a6ff756
  MJRefresh: 0efa19656679d70a0f47cbe76e56c2271fe53a97
  ReactiveObjC: 2a38ea15335de4119d8b17caf1db1484f61db902
  SVProgressHUD: 1428aafac632c1f86f62aa4243ec12008d7a51d6
  "UITableView+FDTemplateLayoutCell": 5c949b4a5059c404b442926c0e80f81d10a2d66f

PODFILE CHECKSUM: 03566496b117c25c9d095ef7e12999a1bf73bd75

COCOAPODS: 1.5.3
